// !$*UTF8*$!
{
	archiveVersion = 1;
	classes = {
	};
	objectVersion = 56;
	objects = {

/* Begin PBXBuildFile section */
		3F47ECE82AD6A6CE00E4B9D3 /* MemoryGameApp.swift in Sources */ = {isa = PBXBuildFile; fileRef = 3F47ECE72AD6A6CE00E4B9D3 /* MemoryGameApp.swift */; };
		3F47ECEA2AD6A6CE00E4B9D3 /* ContentView.swift in Sources */ = {isa = PBXBuildFile; fileRef = 3F47ECE92AD6A6CE00E4B9D3 /* ContentView.swift */; };
		3F47ECEC2AD6A6D100E4B9D3 /* Assets.xcassets in Resources */ = {isa = PBXBuildFile; fileRef = 3F47ECEB2AD6A6D100E4B9D3 /* Assets.xcassets */; };
		3F47ECEF2AD6A6D100E4B9D3 /* Preview Assets.xcassets in Resources */ = {isa = PBXBuildFile; fileRef = 3F47ECEE2AD6A6D100E4B9D3 /* Preview Assets.xcassets */; };
		3F47ECF92AD6A6D200E4B9D3 /* MemoryGameTests.swift in Sources */ = {isa = PBXBuildFile; fileRef = 3F47ECF82AD6A6D200E4B9D3 /* MemoryGameTests.swift */; };
		3F47ED032AD6A6D200E4B9D3 /* MemoryGameUITests.swift in Sources */ = {isa = PBXBuildFile; fileRef = 3F47ED022AD6A6D200E4B9D3 /* MemoryGameUITests.swift */; };
		3F47ED052AD6A6D200E4B9D3 /* MemoryGameUITestsLaunchTests.swift in Sources */ = {isa = PBXBuildFile; fileRef = 3F47ED042AD6A6D200E4B9D3 /* MemoryGameUITestsLaunchTests.swift */; };
		3F47ED122AD6A8C200E4B9D3 /* CardView.swift in Sources */ = {isa = PBXBuildFile; fileRef = 3F47ED112AD6A8C200E4B9D3 /* CardView.swift */; };
		3F57493C2AFA556900523211 /* ThemeChangeButton.swift in Sources */ = {isa = PBXBuildFile; fileRef = 3F57493B2AFA556900523211 /* ThemeChangeButton.swift */; };
/* End PBXBuildFile section */

/* Begin PBXContainerItemProxy section */
		3F47ECF52AD6A6D200E4B9D3 /* PBXContainerItemProxy */ = {
			isa = PBXContainerItemProxy;
			containerPortal = 3F47ECDC2AD6A6CE00E4B9D3 /* Project object */;
			proxyType = 1;
			remoteGlobalIDString = 3F47ECE32AD6A6CE00E4B9D3;
			remoteInfo = MemoryGame;
		};
		3F47ECFF2AD6A6D200E4B9D3 /* PBXContainerItemProxy */ = {
			isa = PBXContainerItemProxy;
			containerPortal = 3F47ECDC2AD6A6CE00E4B9D3 /* Project object */;
			proxyType = 1;
			remoteGlobalIDString = 3F47ECE32AD6A6CE00E4B9D3;
			remoteInfo = MemoryGame;
		};
/* End PBXContainerItemProxy section */

/* Begin PBXFileReference section */
		3F47ECE42AD6A6CE00E4B9D3 /* MemoryGame.app */ = {isa = PBXFileReference; explicitFileType = wrapper.application; includeInIndex = 0; path = MemoryGame.app; sourceTree = BUILT_PRODUCTS_DIR; };
		3F47ECE72AD6A6CE00E4B9D3 /* MemoryGameApp.swift */ = {isa = PBXFileReference; lastKnownFileType = sourcecode.swift; path = MemoryGameApp.swift; sourceTree = "<group>"; };
		3F47ECE92AD6A6CE00E4B9D3 /* ContentView.swift */ = {isa = PBXFileReference; lastKnownFileType = sourcecode.swift; path = ContentView.swift; sourceTree = "<group>"; };
		3F47ECEB2AD6A6D100E4B9D3 /* Assets.xcassets */ = {isa = PBXFileReference; lastKnownFileType = folder.assetcatalog; path = Assets.xcassets; sourceTree = "<group>"; };
		3F47ECEE2AD6A6D100E4B9D3 /* Preview Assets.xcassets */ = {isa = PBXFileReference; lastKnownFileType = folder.assetcatalog; path = "Preview Assets.xcassets"; sourceTree = "<group>"; };
		3F47ECF42AD6A6D200E4B9D3 /* MemoryGameTests.xctest */ = {isa = PBXFileReference; explicitFileType = wrapper.cfbundle; includeInIndex = 0; path = MemoryGameTests.xctest; sourceTree = BUILT_PRODUCTS_DIR; };
		3F47ECF82AD6A6D200E4B9D3 /* MemoryGameTests.swift */ = {isa = PBXFileReference; lastKnownFileType = sourcecode.swift; path = MemoryGameTests.swift; sourceTree = "<group>"; };
		3F47ECFE2AD6A6D200E4B9D3 /* MemoryGameUITests.xctest */ = {isa = PBXFileReference; explicitFileType = wrapper.cfbundle; includeInIndex = 0; path = MemoryGameUITests.xctest; sourceTree = BUILT_PRODUCTS_DIR; };
		3F47ED022AD6A6D200E4B9D3 /* MemoryGameUITests.swift */ = {isa = PBXFileReference; lastKnownFileType = sourcecode.swift; path = MemoryGameUITests.swift; sourceTree = "<group>"; };
		3F47ED042AD6A6D200E4B9D3 /* MemoryGameUITestsLaunchTests.swift */ = {isa = PBXFileReference; lastKnownFileType = sourcecode.swift; path = MemoryGameUITestsLaunchTests.swift; sourceTree = "<group>"; };
		3F47ED112AD6A8C200E4B9D3 /* CardView.swift */ = {isa = PBXFileReference; lastKnownFileType = sourcecode.swift; path = CardView.swift; sourceTree = "<group>"; };
		3F57493B2AFA556900523211 /* ThemeChangeButton.swift */ = {isa = PBXFileReference; lastKnownFileType = sourcecode.swift; path = ThemeChangeButton.swift; sourceTree = "<group>"; };
/* End PBXFileReference section */

/* Begin PBXFrameworksBuildPhase section */
		3F47ECE12AD6A6CE00E4B9D3 /* Frameworks */ = {
			isa = PBXFrameworksBuildPhase;
			buildActionMask = 2147483647;
			files = (
			);
			runOnlyForDeploymentPostprocessing = 0;
		};
		3F47ECF12AD6A6D200E4B9D3 /* Frameworks */ = {
			isa = PBXFrameworksBuildPhase;
			buildActionMask = 2147483647;
			files = (
			);
			runOnlyForDeploymentPostprocessing = 0;
		};
		3F47ECFB2AD6A6D200E4B9D3 /* Frameworks */ = {
			isa = PBXFrameworksBuildPhase;
			buildActionMask = 2147483647;
			files = (
			);
			runOnlyForDeploymentPostprocessing = 0;
		};
/* End PBXFrameworksBuildPhase section */

/* Begin PBXGroup section */
		3F47ECDB2AD6A6CE00E4B9D3 = {
			isa = PBXGroup;
			children = (
				3F47ECE62AD6A6CE00E4B9D3 /* MemoryGame */,
				3F47ECF72AD6A6D200E4B9D3 /* MemoryGameTests */,
				3F47ED012AD6A6D200E4B9D3 /* MemoryGameUITests */,
				3F47ECE52AD6A6CE00E4B9D3 /* Products */,
			);
			sourceTree = "<group>";
		};
		3F47ECE52AD6A6CE00E4B9D3 /* Products */ = {
			isa = PBXGroup;
			children = (
				3F47ECE42AD6A6CE00E4B9D3 /* MemoryGame.app */,
				3F47ECF42AD6A6D200E4B9D3 /* MemoryGameTests.xctest */,
				3F47ECFE2AD6A6D200E4B9D3 /* MemoryGameUITests.xctest */,
			);
			name = Products;
			sourceTree = "<group>";
		};
		3F47ECE62AD6A6CE00E4B9D3 /* MemoryGame */ = {
			isa = PBXGroup;
			children = (
				3F47ECE72AD6A6CE00E4B9D3 /* MemoryGameApp.swift */,
				3F47ECE92AD6A6CE00E4B9D3 /* ContentView.swift */,
				3F47ECEB2AD6A6D100E4B9D3 /* Assets.xcassets */,
				3F47ECED2AD6A6D100E4B9D3 /* Preview Content */,
				3F47ED112AD6A8C200E4B9D3 /* CardView.swift */,
			);
			path = MemoryGame;
			sourceTree = "<group>";
		};
		3F47ECED2AD6A6D100E4B9D3 /* Preview Content */ = {
			isa = PBXGroup;
			children = (
				3F47ECEE2AD6A6D100E4B9D3 /* Preview Assets.xcassets */,
				3F57493B2AFA556900523211 /* ThemeChangeButton.swift */,
			);
			path = "Preview Content";
			sourceTree = "<group>";
		};
		3F47ECF72AD6A6D200E4B9D3 /* MemoryGameTests */ = {
			isa = PBXGroup;
			children = (
				3F47ECF82AD6A6D200E4B9D3 /* MemoryGameTests.swift */,
			);
			path = MemoryGameTests;
			sourceTree = "<group>";
		};
		3F47ED012AD6A6D200E4B9D3 /* MemoryGameUITests */ = {
			isa = PBXGroup;
			children = (
				3F47ED022AD6A6D200E4B9D3 /* MemoryGameUITests.swift */,
				3F47ED042AD6A6D200E4B9D3 /* MemoryGameUITestsLaunchTests.swift */,
			);
			path = MemoryGameUITests;
			sourceTree = "<group>";
		};
/* End PBXGroup section */

/* Begin PBXNativeTarget section */
		3F47ECE32AD6A6CE00E4B9D3 /* MemoryGame */ = {
			isa = PBXNativeTarget;
			buildConfigurationList = 3F47ED082AD6A6D200E4B9D3 /* Build configuration list for PBXNativeTarget "MemoryGame" */;
			buildPhases = (
				3F47ECE02AD6A6CE00E4B9D3 /* Sources */,
				3F47ECE12AD6A6CE00E4B9D3 /* Frameworks */,
				3F47ECE22AD6A6CE00E4B9D3 /* Resources */,
			);
			buildRules = (
			);
			dependencies = (
			);
			name = MemoryGame;
			productName = MemoryGame;
			productReference = 3F47ECE42AD6A6CE00E4B9D3 /* MemoryGame.app */;
			productType = "com.apple.product-type.application";
		};
		3F47ECF32AD6A6D200E4B9D3 /* MemoryGameTests */ = {
			isa = PBXNativeTarget;
			buildConfigurationList = 3F47ED0B2AD6A6D200E4B9D3 /* Build configuration list for PBXNativeTarget "MemoryGameTests" */;
			buildPhases = (
				3F47ECF02AD6A6D200E4B9D3 /* Sources */,
				3F47ECF12AD6A6D200E4B9D3 /* Frameworks */,
				3F47ECF22AD6A6D200E4B9D3 /* Resources */,
			);
			buildRules = (
			);
			dependencies = (
				3F47ECF62AD6A6D200E4B9D3 /* PBXTargetDependency */,
			);
			name = MemoryGameTests;
			productName = MemoryGameTests;
			productReference = 3F47ECF42AD6A6D200E4B9D3 /* MemoryGameTests.xctest */;
			productType = "com.apple.product-type.bundle.unit-test";
		};
		3F47ECFD2AD6A6D200E4B9D3 /* MemoryGameUITests */ = {
			isa = PBXNativeTarget;
			buildConfigurationList = 3F47ED0E2AD6A6D200E4B9D3 /* Build configuration list for PBXNativeTarget "MemoryGameUITests" */;
			buildPhases = (
				3F47ECFA2AD6A6D200E4B9D3 /* Sources */,
				3F47ECFB2AD6A6D200E4B9D3 /* Frameworks */,
				3F47ECFC2AD6A6D200E4B9D3 /* Resources */,
			);
			buildRules = (
			);
			dependencies = (
				3F47ED002AD6A6D200E4B9D3 /* PBXTargetDependency */,
			);
			name = MemoryGameUITests;
			productName = MemoryGameUITests;
			productReference = 3F47ECFE2AD6A6D200E4B9D3 /* MemoryGameUITests.xctest */;
			productType = "com.apple.product-type.bundle.ui-testing";
		};
/* End PBXNativeTarget section */

/* Begin PBXProject section */
		3F47ECDC2AD6A6CE00E4B9D3 /* Project object */ = {
			isa = PBXProject;
			attributes = {
				BuildIndependentTargetsInParallel = 1;
				LastSwiftUpdateCheck = 1500;
				LastUpgradeCheck = 1500;
				TargetAttributes = {
					3F47ECE32AD6A6CE00E4B9D3 = {
						CreatedOnToolsVersion = 15.0;
					};
					3F47ECF32AD6A6D200E4B9D3 = {
						CreatedOnToolsVersion = 15.0;
						TestTargetID = 3F47ECE32AD6A6CE00E4B9D3;
					};
					3F47ECFD2AD6A6D200E4B9D3 = {
						CreatedOnToolsVersion = 15.0;
						TestTargetID = 3F47ECE32AD6A6CE00E4B9D3;
					};
				};
			};
			buildConfigurationList = 3F47ECDF2AD6A6CE00E4B9D3 /* Build configuration list for PBXProject "MemoryGame" */;
			compatibilityVersion = "Xcode 14.0";
			developmentRegion = en;
			hasScannedForEncodings = 0;
			knownRegions = (
				en,
				Base,
			);
			mainGroup = 3F47ECDB2AD6A6CE00E4B9D3;
			productRefGroup = 3F47ECE52AD6A6CE00E4B9D3 /* Products */;
			projectDirPath = "";
			projectRoot = "";
			targets = (
				3F47ECE32AD6A6CE00E4B9D3 /* MemoryGame */,
				3F47ECF32AD6A6D200E4B9D3 /* MemoryGameTests */,
				3F47ECFD2AD6A6D200E4B9D3 /* MemoryGameUITests */,
			);
		};
/* End PBXProject section */

/* Begin PBXResourcesBuildPhase section */
		3F47ECE22AD6A6CE00E4B9D3 /* Resources */ = {
			isa = PBXResourcesBuildPhase;
			buildActionMask = 2147483647;
			files = (
				3F47ECEF2AD6A6D100E4B9D3 /* Preview Assets.xcassets in Resources */,
				3F47ECEC2AD6A6D100E4B9D3 /* Assets.xcassets in Resources */,
			);
			runOnlyForDeploymentPostprocessing = 0;
		};
		3F47ECF22AD6A6D200E4B9D3 /* Resources */ = {
			isa = PBXResourcesBuildPhase;
			buildActionMask = 2147483647;
			files = (
			);
			runOnlyForDeploymentPostprocessing = 0;
		};
		3F47ECFC2AD6A6D200E4B9D3 /* Resources */ = {
			isa = PBXResourcesBuildPhase;
			buildActionMask = 2147483647;
			files = (
			);
			runOnlyForDeploymentPostprocessing = 0;
		};
/* End PBXResourcesBuildPhase section */

/* Begin PBXSourcesBuildPhase section */
		3F47ECE02AD6A6CE00E4B9D3 /* Sources */ = {
			isa = PBXSourcesBuildPhase;
			buildActionMask = 2147483647;
			files = (
				3F47ECEA2AD6A6CE00E4B9D3 /* ContentView.swift in Sources */,
				3F47ED122AD6A8C200E4B9D3 /* CardView.swift in Sources */,
				3F47ECE82AD6A6CE00E4B9D3 /* MemoryGameApp.swift in Sources */,
				3F57493C2AFA556900523211 /* ThemeChangeButton.swift in Sources */,
			);
			runOnlyForDeploymentPostprocessing = 0;
		};
		3F47ECF02AD6A6D200E4B9D3 /* Sources */ = {
			isa = PBXSourcesBuildPhase;
			buildActionMask = 2147483647;
			files = (
				3F47ECF92AD6A6D200E4B9D3 /* MemoryGameTests.swift in Sources */,
			);
			runOnlyForDeploymentPostprocessing = 0;
		};
		3F47ECFA2AD6A6D200E4B9D3 /* Sources */ = {
			isa = PBXSourcesBuildPhase;
			buildActionMask = 2147483647;
			files = (
				3F47ED032AD6A6D200E4B9D3 /* MemoryGameUITests.swift in Sources */,
				3F47ED052AD6A6D200E4B9D3 /* MemoryGameUITestsLaunchTests.swift in Sources */,
			);
			runOnlyForDeploymentPostprocessing = 0;
		};
/* End PBXSourcesBuildPhase section */

/* Begin PBXTargetDependency section */
		3F47ECF62AD6A6D200E4B9D3 /* PBXTargetDependency */ = {
			isa = PBXTargetDependency;
			target = 3F47ECE32AD6A6CE00E4B9D3 /* MemoryGame */;
			targetProxy = 3F47ECF52AD6A6D200E4B9D3 /* PBXContainerItemProxy */;
		};
		3F47ED002AD6A6D200E4B9D3 /* PBXTargetDependency */ = {
			isa = PBXTargetDependency;
			target = 3F47ECE32AD6A6CE00E4B9D3 /* MemoryGame */;
			targetProxy = 3F47ECFF2AD6A6D200E4B9D3 /* PBXContainerItemProxy */;
		};
/* End PBXTargetDependency section */

/* Begin XCBuildConfiguration section */
		3F47ED062AD6A6D200E4B9D3 /* Debug */ = {
			isa = XCBuildConfiguration;
			buildSettings = {
				ALWAYS_SEARCH_USER_PATHS = NO;
				ASSETCATALOG_COMPILER_GENERATE_SWIFT_ASSET_SYMBOL_EXTENSIONS = YES;
				CLANG_ANALYZER_NONNULL = YES;
				CLANG_ANALYZER_NUMBER_OBJECT_CONVERSION = YES_AGGRESSIVE;
				CLANG_CXX_LANGUAGE_STANDARD = "gnu++20";
				CLANG_ENABLE_MODULES = YES;
				CLANG_ENABLE_OBJC_ARC = YES;
				CLANG_ENABLE_OBJC_WEAK = YES;
				CLANG_WARN_BLOCK_CAPTURE_AUTORELEASING = YES;
				CLANG_WARN_BOOL_CONVERSION = YES;
				CLANG_WARN_COMMA = YES;
				CLANG_WARN_CONSTANT_CONVERSION = YES;
				CLANG_WARN_DEPRECATED_OBJC_IMPLEMENTATIONS = YES;
				CLANG_WARN_DIRECT_OBJC_ISA_USAGE = YES_ERROR;
				CLANG_WARN_DOCUMENTATION_COMMENTS = YES;
				CLANG_WARN_EMPTY_BODY = YES;
				CLANG_WARN_ENUM_CONVERSION = YES;
				CLANG_WARN_INFINITE_RECURSION = YES;
				CLANG_WARN_INT_CONVERSION = YES;
				CLANG_WARN_NON_LITERAL_NULL_CONVERSION = YES;
				CLANG_WARN_OBJC_IMPLICIT_RETAIN_SELF = YES;
				CLANG_WARN_OBJC_LITERAL_CONVERSION = YES;
				CLANG_WARN_OBJC_ROOT_CLASS = YES_ERROR;
				CLANG_WARN_QUOTED_INCLUDE_IN_FRAMEWORK_HEADER = YES;
				CLANG_WARN_RANGE_LOOP_ANALYSIS = YES;
				CLANG_WARN_STRICT_PROTOTYPES = YES;
				CLANG_WARN_SUSPICIOUS_MOVE = YES;
				CLANG_WARN_UNGUARDED_AVAILABILITY = YES_AGGRESSIVE;
				CLANG_WARN_UNREACHABLE_CODE = YES;
				CLANG_WARN__DUPLICATE_METHOD_MATCH = YES;
				COPY_PHASE_STRIP = NO;
				DEBUG_INFORMATION_FORMAT = dwarf;
				ENABLE_STRICT_OBJC_MSGSEND = YES;
				ENABLE_TESTABILITY = YES;
				ENABLE_USER_SCRIPT_SANDBOXING = YES;
				GCC_C_LANGUAGE_STANDARD = gnu17;
				GCC_DYNAMIC_NO_PIC = NO;
				GCC_NO_COMMON_BLOCKS = YES;
				GCC_OPTIMIZATION_LEVEL = 0;
				GCC_PREPROCESSOR_DEFINITIONS = (
					"DEBUG=1",
					"$(inherited)",
				);
				GCC_WARN_64_TO_32_BIT_CONVERSION = YES;
				GCC_WARN_ABOUT_RETURN_TYPE = YES_ERROR;
				GCC_WARN_UNDECLARED_SELECTOR = YES;
				GCC_WARN_UNINITIALIZED_AUTOS = YES_AGGRESSIVE;
				GCC_WARN_UNUSED_FUNCTION = YES;
				GCC_WARN_UNUSED_VARIABLE = YES;
				IPHONEOS_DEPLOYMENT_TARGET = 17.0;
				LOCALIZATION_PREFERS_STRING_CATALOGS = YES;
				MTL_ENABLE_DEBUG_INFO = INCLUDE_SOURCE;
				MTL_FAST_MATH = YES;
				ONLY_ACTIVE_ARCH = YES;
				SDKROOT = iphoneos;
				SWIFT_ACTIVE_COMPILATION_CONDITIONS = "DEBUG $(inherited)";
				SWIFT_OPTIMIZATION_LEVEL = "-Onone";
			};
			name = Debug;
		};
		3F47ED072AD6A6D200E4B9D3 /* Release */ = {
			isa = XCBuildConfiguration;
			buildSettings = {
				ALWAYS_SEARCH_USER_PATHS = NO;
				ASSETCATALOG_COMPILER_GENERATE_SWIFT_ASSET_SYMBOL_EXTENSIONS = YES;
				CLANG_ANALYZER_NONNULL = YES;
				CLANG_ANALYZER_NUMBER_OBJECT_CONVERSION = YES_AGGRESSIVE;
				CLANG_CXX_LANGUAGE_STANDARD = "gnu++20";
				CLANG_ENABLE_MODULES = YES;
				CLANG_ENABLE_OBJC_ARC = YES;
				CLANG_ENABLE_OBJC_WEAK = YES;
				CLANG_WARN_BLOCK_CAPTURE_AUTORELEASING = YES;
				CLANG_WARN_BOOL_CONVERSION = YES;
				CLANG_WARN_COMMA = YES;
				CLANG_WARN_CONSTANT_CONVERSION = YES;
				CLANG_WARN_DEPRECATED_OBJC_IMPLEMENTATIONS = YES;
				CLANG_WARN_DIRECT_OBJC_ISA_USAGE = YES_ERROR;
				CLANG_WARN_DOCUMENTATION_COMMENTS = YES;
				CLANG_WARN_EMPTY_BODY = YES;
				CLANG_WARN_ENUM_CONVERSION = YES;
				CLANG_WARN_INFINITE_RECURSION = YES;
				CLANG_WARN_INT_CONVERSION = YES;
				CLANG_WARN_NON_LITERAL_NULL_CONVERSION = YES;
				CLANG_WARN_OBJC_IMPLICIT_RETAIN_SELF = YES;
				CLANG_WARN_OBJC_LITERAL_CONVERSION = YES;
				CLANG_WARN_OBJC_ROOT_CLASS = YES_ERROR;
				CLANG_WARN_QUOTED_INCLUDE_IN_FRAMEWORK_HEADER = YES;
				CLANG_WARN_RANGE_LOOP_ANALYSIS = YES;
				CLANG_WARN_STRICT_PROTOTYPES = YES;
				CLANG_WARN_SUSPICIOUS_MOVE = YES;
				CLANG_WARN_UNGUARDED_AVAILABILITY = YES_AGGRESSIVE;
				CLANG_WARN_UNREACHABLE_CODE = YES;
				CLANG_WARN__DUPLICATE_METHOD_MATCH = YES;
				COPY_PHASE_STRIP = NO;
				DEBUG_INFORMATION_FORMAT = "dwarf-with-dsym";
				ENABLE_NS_ASSERTIONS = NO;
				ENABLE_STRICT_OBJC_MSGSEND = YES;
				ENABLE_USER_SCRIPT_SANDBOXING = YES;
				GCC_C_LANGUAGE_STANDARD = gnu17;
				GCC_NO_COMMON_BLOCKS = YES;
				GCC_WARN_64_TO_32_BIT_CONVERSION = YES;
				GCC_WARN_ABOUT_RETURN_TYPE = YES_ERROR;
				GCC_WARN_UNDECLARED_SELECTOR = YES;
				GCC_WARN_UNINITIALIZED_AUTOS = YES_AGGRESSIVE;
				GCC_WARN_UNUSED_FUNCTION = YES;
				GCC_WARN_UNUSED_VARIABLE = YES;
				IPHONEOS_DEPLOYMENT_TARGET = 17.0;
				LOCALIZATION_PREFERS_STRING_CATALOGS = YES;
				MTL_ENABLE_DEBUG_INFO = NO;
				MTL_FAST_MATH = YES;
				SDKROOT = iphoneos;
				SWIFT_COMPILATION_MODE = wholemodule;
				VALIDATE_PRODUCT = YES;
			};
			name = Release;
		};
		3F47ED092AD6A6D200E4B9D3 /* Debug */ = {
			isa = XCBuildConfiguration;
			buildSettings = {
				ASSETCATALOG_COMPILER_APPICON_NAME = AppIcon;
				ASSETCATALOG_COMPILER_GLOBAL_ACCENT_COLOR_NAME = AccentColor;
				CODE_SIGN_STYLE = Automatic;
				CURRENT_PROJECT_VERSION = 1;
				DEVELOPMENT_ASSET_PATHS = "\"MemoryGame/Preview Content\"";
				ENABLE_PREVIEWS = YES;
				GENERATE_INFOPLIST_FILE = YES;
				INFOPLIST_KEY_UIApplicationSceneManifest_Generation = YES;
				INFOPLIST_KEY_UIApplicationSupportsIndirectInputEvents = YES;
				INFOPLIST_KEY_UILaunchScreen_Generation = YES;
				INFOPLIST_KEY_UISupportedInterfaceOrientations_iPad = "UIInterfaceOrientationPortrait UIInterfaceOrientationPortraitUpsideDown UIInterfaceOrientationLandscapeLeft UIInterfaceOrientationLandscapeRight";
				INFOPLIST_KEY_UISupportedInterfaceOrientations_iPhone = "UIInterfaceOrientationPortrait UIInterfaceOrientationLandscapeLeft UIInterfaceOrientationLandscapeRight";
				LD_RUNPATH_SEARCH_PATHS = (
					"$(inherited)",
					"@executable_path/Frameworks",
				);
				MARKETING_VERSION = 1.0;
				PRODUCT_BUNDLE_IDENTIFIER = pp.MemoryGame;
				PRODUCT_NAME = "$(TARGET_NAME)";
				SWIFT_EMIT_LOC_STRINGS = YES;
				SWIFT_VERSION = 5.0;
				TARGETED_DEVICE_FAMILY = "1,2";
			};
			name = Debug;
		};
		3F47ED0A2AD6A6D200E4B9D3 /* Release */ = {
			isa = XCBuildConfiguration;
			buildSettings = {
				ASSETCATALOG_COMPILER_APPICON_NAME = AppIcon;
				ASSETCATALOG_COMPILER_GLOBAL_ACCENT_COLOR_NAME = AccentColor;
				CODE_SIGN_STYLE = Automatic;
				CURRENT_PROJECT_VERSION = 1;
				DEVELOPMENT_ASSET_PATHS = "\"MemoryGame/Preview Content\"";
				ENABLE_PREVIEWS = YES;
				GENERATE_INFOPLIST_FILE = YES;
				INFOPLIST_KEY_UIApplicationSceneManifest_Generation = YES;
				INFOPLIST_KEY_UIApplicationSupportsIndirectInputEvents = YES;
				INFOPLIST_KEY_UILaunchScreen_Generation = YES;
				INFOPLIST_KEY_UISupportedInterfaceOrientations_iPad = "UIInterfaceOrientationPortrait UIInterfaceOrientationPortraitUpsideDown UIInterfaceOrientationLandscapeLeft UIInterfaceOrientationLandscapeRight";
				INFOPLIST_KEY_UISupportedInterfaceOrientations_iPhone = "UIInterfaceOrientationPortrait UIInterfaceOrientationLandscapeLeft UIInterfaceOrientationLandscapeRight";
				LD_RUNPATH_SEARCH_PATHS = (
					"$(inherited)",
					"@executable_path/Frameworks",
				);
				MARKETING_VERSION = 1.0;
				PRODUCT_BUNDLE_IDENTIFIER = pp.MemoryGame;
				PRODUCT_NAME = "$(TARGET_NAME)";
				SWIFT_EMIT_LOC_STRINGS = YES;
				SWIFT_VERSION = 5.0;
				TARGETED_DEVICE_FAMILY = "1,2";
			};
			name = Release;
		};
		3F47ED0C2AD6A6D200E4B9D3 /* Debug */ = {
			isa = XCBuildConfiguration;
			buildSettings = {
				ALWAYS_EMBED_SWIFT_STANDARD_LIBRARIES = YES;
				BUNDLE_LOADER = "$(TEST_HOST)";
				CODE_SIGN_STYLE = Automatic;
				CURRENT_PROJECT_VERSION = 1;
				GENERATE_INFOPLIST_FILE = YES;
				IPHONEOS_DEPLOYMENT_TARGET = 17.0;
				MARKETING_VERSION = 1.0;
				PRODUCT_BUNDLE_IDENTIFIER = pp.MemoryGameTests;
				PRODUCT_NAME = "$(TARGET_NAME)";
				SWIFT_EMIT_LOC_STRINGS = NO;
				SWIFT_VERSION = 5.0;
				TARGETED_DEVICE_FAMILY = "1,2";
				TEST_HOST = "$(BUILT_PRODUCTS_DIR)/MemoryGame.app/$(BUNDLE_EXECUTABLE_FOLDER_PATH)/MemoryGame";
			};
			name = Debug;
		};
		3F47ED0D2AD6A6D200E4B9D3 /* Release */ = {
			isa = XCBuildConfiguration;
			buildSettings = {
				ALWAYS_EMBED_SWIFT_STANDARD_LIBRARIES = YES;
				BUNDLE_LOADER = "$(TEST_HOST)";
				CODE_SIGN_STYLE = Automatic;
				CURRENT_PROJECT_VERSION = 1;
				GENERATE_INFOPLIST_FILE = YES;
				IPHONEOS_DEPLOYMENT_TARGET = 17.0;
				MARKETING_VERSION = 1.0;
				PRODUCT_BUNDLE_IDENTIFIER = pp.MemoryGameTests;
				PRODUCT_NAME = "$(TARGET_NAME)";
				SWIFT_EMIT_LOC_STRINGS = NO;
				SWIFT_VERSION = 5.0;
				TARGETED_DEVICE_FAMILY = "1,2";
				TEST_HOST = "$(BUILT_PRODUCTS_DIR)/MemoryGame.app/$(BUNDLE_EXECUTABLE_FOLDER_PATH)/MemoryGame";
			};
			name = Release;
		};
		3F47ED0F2AD6A6D200E4B9D3 /* Debug */ = {
			isa = XCBuildConfiguration;
			buildSettings = {
				ALWAYS_EMBED_SWIFT_STANDARD_LIBRARIES = YES;
				CODE_SIGN_STYLE = Automatic;
				CURRENT_PROJECT_VERSION = 1;
				GENERATE_INFOPLIST_FILE = YES;
				MARKETING_VERSION = 1.0;
				PRODUCT_BUNDLE_IDENTIFIER = pp.MemoryGameUITests;
				PRODUCT_NAME = "$(TARGET_NAME)";
				SWIFT_EMIT_LOC_STRINGS = NO;
				SWIFT_VERSION = 5.0;
				TARGETED_DEVICE_FAMILY = "1,2";
				TEST_TARGET_NAME = MemoryGame;
			};
			name = Debug;
		};
		3F47ED102AD6A6D200E4B9D3 /* Release */ = {
			isa = XCBuildConfiguration;
			buildSettings = {
				ALWAYS_EMBED_SWIFT_STANDARD_LIBRARIES = YES;
				CODE_SIGN_STYLE = Automatic;
				CURRENT_PROJECT_VERSION = 1;
				GENERATE_INFOPLIST_FILE = YES;
				MARKETING_VERSION = 1.0;
				PRODUCT_BUNDLE_IDENTIFIER = pp.MemoryGameUITests;
				PRODUCT_NAME = "$(TARGET_NAME)";
				SWIFT_EMIT_LOC_STRINGS = NO;
				SWIFT_VERSION = 5.0;
				TARGETED_DEVICE_FAMILY = "1,2";
				TEST_TARGET_NAME = MemoryGame;
			};
			name = Release;
		};
/* End XCBuildConfiguration section */

/* Begin XCConfigurationList section */
		3F47ECDF2AD6A6CE00E4B9D3 /* Build configuration list for PBXProject "MemoryGame" */ = {
			isa = XCConfigurationList;
			buildConfigurations = (
				3F47ED062AD6A6D200E4B9D3 /* Debug */,
				3F47ED072AD6A6D200E4B9D3 /* Release */,
			);
			defaultConfigurationIsVisible = 0;
			defaultConfigurationName = Release;
		};
		3F47ED082AD6A6D200E4B9D3 /* Build configuration list for PBXNativeTarget "MemoryGame" */ = {
			isa = XCConfigurationList;
			buildConfigurations = (
				3F47ED092AD6A6D200E4B9D3 /* Debug */,
				3F47ED0A2AD6A6D200E4B9D3 /* Release */,
			);
			defaultConfigurationIsVisible = 0;
			defaultConfigurationName = Release;
		};
		3F47ED0B2AD6A6D200E4B9D3 /* Build configuration list for PBXNativeTarget "MemoryGameTests" */ = {
			isa = XCConfigurationList;
			buildConfigurations = (
				3F47ED0C2AD6A6D200E4B9D3 /* Debug */,
				3F47ED0D2AD6A6D200E4B9D3 /* Release */,
			);
			defaultConfigurationIsVisible = 0;
			defaultConfigurationName = Release;
		};
		3F47ED0E2AD6A6D200E4B9D3 /* Build configuration list for PBXNativeTarget "MemoryGameUITests" */ = {
			isa = XCConfigurationList;
			buildConfigurations = (
				3F47ED0F2AD6A6D200E4B9D3 /* Debug */,
				3F47ED102AD6A6D200E4B9D3 /* Release */,
			);
			defaultConfigurationIsVisible = 0;
			defaultConfigurationName = Release;
		};
/* End XCConfigurationList section */
	};
	rootObject = 3F47ECDC2AD6A6CE00E4B9D3 /* Project object */;
}
